// !$*UTF8*$!
{
	archiveVersion = 1;
	classes = {
	};
	objectVersion = 50;
	objects = {

/* Begin PBXBuildFile section */
		2B176EF322FBBA88003BFE14 /* HelperFunctions.swift in Sources */ = {isa = PBXBuildFile; fileRef = 2B176EF222FBBA88003BFE14 /* HelperFunctions.swift */; };
		2B176EF522FBBA9C003BFE14 /* HelperFunctionsTests.swift in Sources */ = {isa = PBXBuildFile; fileRef = 2B176EF422FBBA9C003BFE14 /* HelperFunctionsTests.swift */; };
		2B176EF822FBBB31003BFE14 /* GettyCenterBusinessDetailsMock.json in Resources */ = {isa = PBXBuildFile; fileRef = 2BB1FE7522F933F9006FAAE5 /* GettyCenterBusinessDetailsMock.json */; };
		2B176EF922FBBB35003BFE14 /* BusinessHoursMockResponse.json in Resources */ = {isa = PBXBuildFile; fileRef = 2B176EEE22FBB99F003BFE14 /* BusinessHoursMockResponse.json */; };
		2B176EFB22FBBB7A003BFE14 /* BunsinessHoursDeserializationTests.swift in Sources */ = {isa = PBXBuildFile; fileRef = 2B176EFA22FBBB7A003BFE14 /* BunsinessHoursDeserializationTests.swift */; };
		2B176EFF22FBBD8C003BFE14 /* BusinessLocationMockResponse.json in Resources */ = {isa = PBXBuildFile; fileRef = 2B176EFE22FBBD8C003BFE14 /* BusinessLocationMockResponse.json */; };
		2B176F0122FBBDAA003BFE14 /* BusinessLocationDeserializationTests.swift in Sources */ = {isa = PBXBuildFile; fileRef = 2B176F0022FBBDAA003BFE14 /* BusinessLocationDeserializationTests.swift */; };
		2B176F0322FBC99A003BFE14 /* BusinessDeserializationTests.swift in Sources */ = {isa = PBXBuildFile; fileRef = 2B176F0222FBC99A003BFE14 /* BusinessDeserializationTests.swift */; };
		2B176F0622FD1081003BFE14 /* EndpointType.swift in Sources */ = {isa = PBXBuildFile; fileRef = 2B176F0522FD1081003BFE14 /* EndpointType.swift */; };
		2B176F0822FD10C3003BFE14 /* HTTPMethod.swift in Sources */ = {isa = PBXBuildFile; fileRef = 2B176F0722FD10C3003BFE14 /* HTTPMethod.swift */; };
		2B176F0A22FD10EB003BFE14 /* HTTPTask.swift in Sources */ = {isa = PBXBuildFile; fileRef = 2B176F0922FD10EB003BFE14 /* HTTPTask.swift */; };
		2B176F1022FD127D003BFE14 /* NetworkRouter.swift in Sources */ = {isa = PBXBuildFile; fileRef = 2B176F0F22FD127D003BFE14 /* NetworkRouter.swift */; };
		2B176F1222FD12E4003BFE14 /* Router.swift in Sources */ = {isa = PBXBuildFile; fileRef = 2B176F1122FD12E4003BFE14 /* Router.swift */; };
		2B176F1422FD1BC1003BFE14 /* YelpAPI.swift in Sources */ = {isa = PBXBuildFile; fileRef = 2B176F1322FD1BC1003BFE14 /* YelpAPI.swift */; };
		2B176F1722FD1FB9003BFE14 /* NetworkManager.swift in Sources */ = {isa = PBXBuildFile; fileRef = 2B176F1622FD1FB9003BFE14 /* NetworkManager.swift */; };
		2B176F1A22FD2859003BFE14 /* GCLandingPageVC.swift in Sources */ = {isa = PBXBuildFile; fileRef = 2B176F1922FD2859003BFE14 /* GCLandingPageVC.swift */; };
		2B176F1D22FD2C6F003BFE14 /* GCLandingPageRouter.swift in Sources */ = {isa = PBXBuildFile; fileRef = 2B176F1C22FD2C6F003BFE14 /* GCLandingPageRouter.swift */; };
		2B176F2122FD2D05003BFE14 /* GCLandingPagePresenter.swift in Sources */ = {isa = PBXBuildFile; fileRef = 2B176F2022FD2D05003BFE14 /* GCLandingPagePresenter.swift */; };
		2B176F2322FD2D78003BFE14 /* GCLandingPageInteractor.swift in Sources */ = {isa = PBXBuildFile; fileRef = 2B176F2222FD2D78003BFE14 /* GCLandingPageInteractor.swift */; };
		2B176F2522FE6B0C003BFE14 /* OpeningHoursUIModel.swift in Sources */ = {isa = PBXBuildFile; fileRef = 2B176F2422FE6B0C003BFE14 /* OpeningHoursUIModel.swift */; };
		2B176F2722FE6DA4003BFE14 /* BusinessUIModel.swift in Sources */ = {isa = PBXBuildFile; fileRef = 2B176F2622FE6DA4003BFE14 /* BusinessUIModel.swift */; };
		2B176F2A22FE6FEE003BFE14 /* BusinessHoursUIModel.swift in Sources */ = {isa = PBXBuildFile; fileRef = 2B176F2922FE6FEE003BFE14 /* BusinessHoursUIModel.swift */; };
		2B176F2D22FE7BB8003BFE14 /* UIEntityConversionTests.swift in Sources */ = {isa = PBXBuildFile; fileRef = 2B176F2C22FE7BB8003BFE14 /* UIEntityConversionTests.swift */; };
		2B176F3222FF11A2003BFE14 /* HoursComponentView.swift in Sources */ = {isa = PBXBuildFile; fileRef = 2B176F3122FF11A2003BFE14 /* HoursComponentView.swift */; };
		2B176F3422FF11B4003BFE14 /* HoursComponentView.xib in Resources */ = {isa = PBXBuildFile; fileRef = 2B176F3322FF11B4003BFE14 /* HoursComponentView.xib */; };
		2B176F3722FF186E003BFE14 /* HoursComponentPresenter.swift in Sources */ = {isa = PBXBuildFile; fileRef = 2B176F3622FF186E003BFE14 /* HoursComponentPresenter.swift */; };
		2B176F3A22FF1912003BFE14 /* HoursComponentBuilder.swift in Sources */ = {isa = PBXBuildFile; fileRef = 2B176F3922FF1912003BFE14 /* HoursComponentBuilder.swift */; };
		2B176F3D22FF2020003BFE14 /* HoursCell.swift in Sources */ = {isa = PBXBuildFile; fileRef = 2B176F3B22FF2020003BFE14 /* HoursCell.swift */; };
		2B176F3E22FF2020003BFE14 /* HoursCell.xib in Resources */ = {isa = PBXBuildFile; fileRef = 2B176F3C22FF2020003BFE14 /* HoursCell.xib */; };
		2B176F4222FFBD79003BFE14 /* GCLandingPageVCMock.swift in Sources */ = {isa = PBXBuildFile; fileRef = 2B176F4122FFBD79003BFE14 /* GCLandingPageVCMock.swift */; };
		2B176F4422FFBDEC003BFE14 /* GCLandingPagePresenterMock.swift in Sources */ = {isa = PBXBuildFile; fileRef = 2B176F4322FFBDEC003BFE14 /* GCLandingPagePresenterMock.swift */; };
		2B176F4622FFBEA8003BFE14 /* NetworkManagerMock.swift in Sources */ = {isa = PBXBuildFile; fileRef = 2B176F4522FFBEA8003BFE14 /* NetworkManagerMock.swift */; };
		2B176F4822FFC053003BFE14 /* GCLandingPageInteractorMock.swift in Sources */ = {isa = PBXBuildFile; fileRef = 2B176F4722FFC053003BFE14 /* GCLandingPageInteractorMock.swift */; };
		2B176F4A22FFC0C7003BFE14 /* GCLandingPagePresenterTests.swift in Sources */ = {isa = PBXBuildFile; fileRef = 2B176F4922FFC0C7003BFE14 /* GCLandingPagePresenterTests.swift */; };
		2B176F4C22FFC66E003BFE14 /* GCLandingPageInteractorTests.swift in Sources */ = {isa = PBXBuildFile; fileRef = 2B176F4B22FFC66E003BFE14 /* GCLandingPageInteractorTests.swift */; };
		2B176F5022FFC904003BFE14 /* HoursComponentViewMock.swift in Sources */ = {isa = PBXBuildFile; fileRef = 2B176F4F22FFC904003BFE14 /* HoursComponentViewMock.swift */; };
		2B176F5422FFC9B9003BFE14 /* HoursComponentPresenterTests.swift in Sources */ = {isa = PBXBuildFile; fileRef = 2B176F5322FFC9B9003BFE14 /* HoursComponentPresenterTests.swift */; };
		2B176F5A22FFCD2E003BFE14 /* AddressComponentView.swift in Sources */ = {isa = PBXBuildFile; fileRef = 2B176F5922FFCD2E003BFE14 /* AddressComponentView.swift */; };
		2B176F5C22FFCD3E003BFE14 /* AddressComponentView.xib in Resources */ = {isa = PBXBuildFile; fileRef = 2B176F5B22FFCD3E003BFE14 /* AddressComponentView.xib */; };
		2B176F5E22FFCEB0003BFE14 /* AddressComponentBuilder.swift in Sources */ = {isa = PBXBuildFile; fileRef = 2B176F5D22FFCEB0003BFE14 /* AddressComponentBuilder.swift */; };
		2B176F6022FFCF5C003BFE14 /* AddressComponentPresenter.swift in Sources */ = {isa = PBXBuildFile; fileRef = 2B176F5F22FFCF5C003BFE14 /* AddressComponentPresenter.swift */; };
		2B176F6322FFD099003BFE14 /* AddressComponentCell.swift in Sources */ = {isa = PBXBuildFile; fileRef = 2B176F6122FFD099003BFE14 /* AddressComponentCell.swift */; };
		2B176F6422FFD099003BFE14 /* AddressComponentCell.xib in Resources */ = {isa = PBXBuildFile; fileRef = 2B176F6222FFD099003BFE14 /* AddressComponentCell.xib */; };
		2B1AD2B3230090C5007892BC /* PhoneComponentCell.swift in Sources */ = {isa = PBXBuildFile; fileRef = 2B1AD2B1230090C5007892BC /* PhoneComponentCell.swift */; };
		2B1AD2B4230090C5007892BC /* PhoneComponentCell.xib in Resources */ = {isa = PBXBuildFile; fileRef = 2B1AD2B2230090C5007892BC /* PhoneComponentCell.xib */; };
		2B1AD2BA230112A4007892BC /* AddressComponentViewMock.swift in Sources */ = {isa = PBXBuildFile; fileRef = 2B1AD2B9230112A4007892BC /* AddressComponentViewMock.swift */; };
		2B1AD2BC2301136D007892BC /* AddressComponentPresenterTests.swift in Sources */ = {isa = PBXBuildFile; fileRef = 2B1AD2BB2301136D007892BC /* AddressComponentPresenterTests.swift */; };
		2B5A94CA2309078C00679038 /* ReviewsTableViewInteractorTests.swift in Sources */ = {isa = PBXBuildFile; fileRef = 2B5A94C92309078C00679038 /* ReviewsTableViewInteractorTests.swift */; };
		2B5A94CC2309080900679038 /* ReviewsPresenterMock.swift in Sources */ = {isa = PBXBuildFile; fileRef = 2B5A94CB2309080900679038 /* ReviewsPresenterMock.swift */; };
		2B5A94CE230A4B8800679038 /* GCLandingPageRouterMock.swift in Sources */ = {isa = PBXBuildFile; fileRef = 2B5A94CD230A4B8800679038 /* GCLandingPageRouterMock.swift */; };
		2B7374192307A90C003DADB3 /* ReviewsTableViewPresenter.swift in Sources */ = {isa = PBXBuildFile; fileRef = 2B7374182307A90C003DADB3 /* ReviewsTableViewPresenter.swift */; };
		2B73741C2307AA9C003DADB3 /* ReviewsTableViewInteractor.swift in Sources */ = {isa = PBXBuildFile; fileRef = 2B73741B2307AA9C003DADB3 /* ReviewsTableViewInteractor.swift */; };
		2BB1FE5222F93056006FAAE5 /* AppDelegate.swift in Sources */ = {isa = PBXBuildFile; fileRef = 2BB1FE5122F93056006FAAE5 /* AppDelegate.swift */; };
		2BB1FE5722F93056006FAAE5 /* Main.storyboard in Resources */ = {isa = PBXBuildFile; fileRef = 2BB1FE5522F93056006FAAE5 /* Main.storyboard */; };
		2BB1FE5922F93059006FAAE5 /* Assets.xcassets in Resources */ = {isa = PBXBuildFile; fileRef = 2BB1FE5822F93059006FAAE5 /* Assets.xcassets */; };
		2BB1FE5C22F93059006FAAE5 /* LaunchScreen.storyboard in Resources */ = {isa = PBXBuildFile; fileRef = 2BB1FE5A22F93059006FAAE5 /* LaunchScreen.storyboard */; };
		2BB1FE7322F93119006FAAE5 /* Storyboarded.swift in Sources */ = {isa = PBXBuildFile; fileRef = 2BB1FE7222F93119006FAAE5 /* Storyboarded.swift */; };
		2BB1FE7B22F9346E006FAAE5 /* Business.swift in Sources */ = {isa = PBXBuildFile; fileRef = 2BB1FE7A22F9346E006FAAE5 /* Business.swift */; };
		2BB1FE7D22F936C0006FAAE5 /* BusinessLocation.swift in Sources */ = {isa = PBXBuildFile; fileRef = 2BB1FE7C22F936C0006FAAE5 /* BusinessLocation.swift */; };
		2BB1FE7F22FA7695006FAAE5 /* BusinessHours.swift in Sources */ = {isa = PBXBuildFile; fileRef = 2BB1FE7E22FA7695006FAAE5 /* BusinessHours.swift */; };
		2BB1FE8122FA7748006FAAE5 /* OpeningHours.swift in Sources */ = {isa = PBXBuildFile; fileRef = 2BB1FE8022FA7748006FAAE5 /* OpeningHours.swift */; };
		2BCF99F22304519800A320E3 /* NameComponentView.swift in Sources */ = {isa = PBXBuildFile; fileRef = 2BCF99F12304519800A320E3 /* NameComponentView.swift */; };
		2BCF99F4230451A800A320E3 /* NameComponentView.xib in Resources */ = {isa = PBXBuildFile; fileRef = 2BCF99F3230451A800A320E3 /* NameComponentView.xib */; };
		2BCF99F6230452B700A320E3 /* NameComponentPresenter.swift in Sources */ = {isa = PBXBuildFile; fileRef = 2BCF99F5230452B700A320E3 /* NameComponentPresenter.swift */; };
		2BCF99F9230453D700A320E3 /* NameComponentBuilder.swift in Sources */ = {isa = PBXBuildFile; fileRef = 2BCF99F8230453D700A320E3 /* NameComponentBuilder.swift */; };
		2BCF99FF2305046300A320E3 /* NameComponentViewMock.swift in Sources */ = {isa = PBXBuildFile; fileRef = 2BCF99FE2305046300A320E3 /* NameComponentViewMock.swift */; };
		2BCF9A01230504C600A320E3 /* NameComponentPresenterTests.swift in Sources */ = {isa = PBXBuildFile; fileRef = 2BCF9A00230504C600A320E3 /* NameComponentPresenterTests.swift */; };
		2BCF9A0623064F7100A320E3 /* ReviewsTableViewController.swift in Sources */ = {isa = PBXBuildFile; fileRef = 2BCF9A0523064F7100A320E3 /* ReviewsTableViewController.swift */; };
		2BCF9A092306555100A320E3 /* ReviewsTableViewRouter.swift in Sources */ = {isa = PBXBuildFile; fileRef = 2BCF9A082306555100A320E3 /* ReviewsTableViewRouter.swift */; };
		2BCF9A0B23065D4100A320E3 /* TopReviewsMockResponse.json in Resources */ = {isa = PBXBuildFile; fileRef = 2BCF9A0A23065D4100A320E3 /* TopReviewsMockResponse.json */; };
		2BCF9A0E23065DB700A320E3 /* BusinessReviews.swift in Sources */ = {isa = PBXBuildFile; fileRef = 2BCF9A0D23065DB700A320E3 /* BusinessReviews.swift */; };
		2BCF9A1023065DED00A320E3 /* BusinessReview.swift in Sources */ = {isa = PBXBuildFile; fileRef = 2BCF9A0F23065DED00A320E3 /* BusinessReview.swift */; };
		2BCF9A1223065E5500A320E3 /* BusinessUser.swift in Sources */ = {isa = PBXBuildFile; fileRef = 2BCF9A1123065E5500A320E3 /* BusinessUser.swift */; };
		2BCF9A1423065EE800A320E3 /* BusinessReviewsDeserializationTests.swift in Sources */ = {isa = PBXBuildFile; fileRef = 2BCF9A1323065EE800A320E3 /* BusinessReviewsDeserializationTests.swift */; };
		2BE6849C2307AFFD000E6914 /* ReviewCell.swift in Sources */ = {isa = PBXBuildFile; fileRef = 2BE6849B2307AFFD000E6914 /* ReviewCell.swift */; };
		2BE6849E230851C9000E6914 /* SpinnerViewController.swift in Sources */ = {isa = PBXBuildFile; fileRef = 2BE6849D230851C9000E6914 /* SpinnerViewController.swift */; };
		2BE684A42308F9C4000E6914 /* ReviewsModuleViewMock.swift in Sources */ = {isa = PBXBuildFile; fileRef = 2BE684A32308F9C4000E6914 /* ReviewsModuleViewMock.swift */; };
		2BE684A62308FA64000E6914 /* ReviewsInteractorMock.swift in Sources */ = {isa = PBXBuildFile; fileRef = 2BE684A52308FA64000E6914 /* ReviewsInteractorMock.swift */; };
		2BE684A82308FAE3000E6914 /* ReviewsTableViewPresenterTests.swift in Sources */ = {isa = PBXBuildFile; fileRef = 2BE684A72308FAE3000E6914 /* ReviewsTableViewPresenterTests.swift */; };
		2BFDF95D22FA858000E08659 /* UtilitiesTests.swift in Sources */ = {isa = PBXBuildFile; fileRef = 2BFDF95C22FA858000E08659 /* UtilitiesTests.swift */; };
		2BFDF95F22FA85C900E08659 /* Extensions+Enums.swift in Sources */ = {isa = PBXBuildFile; fileRef = 2BFDF95E22FA85C900E08659 /* Extensions+Enums.swift */; };
/* End PBXBuildFile section */

/* Begin PBXContainerItemProxy section */
		2BB1FE6322F93059006FAAE5 /* PBXContainerItemProxy */ = {
			isa = PBXContainerItemProxy;
			containerPortal = 2BB1FE4622F93056006FAAE5 /* Project object */;
			proxyType = 1;
			remoteGlobalIDString = 2BB1FE4D22F93056006FAAE5;
			remoteInfo = TheGettyCenterYelp;
		};
/* End PBXContainerItemProxy section */

/* Begin PBXFileReference section */
		2B176EEE22FBB99F003BFE14 /* BusinessHoursMockResponse.json */ = {isa = PBXFileReference; lastKnownFileType = text.json; path = BusinessHoursMockResponse.json; sourceTree = "<group>"; };
		2B176EF222FBBA88003BFE14 /* HelperFunctions.swift */ = {isa = PBXFileReference; lastKnownFileType = sourcecode.swift; path = HelperFunctions.swift; sourceTree = "<group>"; };
		2B176EF422FBBA9C003BFE14 /* HelperFunctionsTests.swift */ = {isa = PBXFileReference; lastKnownFileType = sourcecode.swift; path = HelperFunctionsTests.swift; sourceTree = "<group>"; };
		2B176EFA22FBBB7A003BFE14 /* BunsinessHoursDeserializationTests.swift */ = {isa = PBXFileReference; lastKnownFileType = sourcecode.swift; path = BunsinessHoursDeserializationTests.swift; sourceTree = "<group>"; };
		2B176EFE22FBBD8C003BFE14 /* BusinessLocationMockResponse.json */ = {isa = PBXFileReference; lastKnownFileType = text.json; path = BusinessLocationMockResponse.json; sourceTree = "<group>"; };
		2B176F0022FBBDAA003BFE14 /* BusinessLocationDeserializationTests.swift */ = {isa = PBXFileReference; lastKnownFileType = sourcecode.swift; path = BusinessLocationDeserializationTests.swift; sourceTree = "<group>"; };
		2B176F0222FBC99A003BFE14 /* BusinessDeserializationTests.swift */ = {isa = PBXFileReference; lastKnownFileType = sourcecode.swift; path = BusinessDeserializationTests.swift; sourceTree = "<group>"; };
		2B176F0522FD1081003BFE14 /* EndpointType.swift */ = {isa = PBXFileReference; lastKnownFileType = sourcecode.swift; path = EndpointType.swift; sourceTree = "<group>"; };
		2B176F0722FD10C3003BFE14 /* HTTPMethod.swift */ = {isa = PBXFileReference; lastKnownFileType = sourcecode.swift; path = HTTPMethod.swift; sourceTree = "<group>"; };
		2B176F0922FD10EB003BFE14 /* HTTPTask.swift */ = {isa = PBXFileReference; lastKnownFileType = sourcecode.swift; path = HTTPTask.swift; sourceTree = "<group>"; };
		2B176F0F22FD127D003BFE14 /* NetworkRouter.swift */ = {isa = PBXFileReference; lastKnownFileType = sourcecode.swift; path = NetworkRouter.swift; sourceTree = "<group>"; };
		2B176F1122FD12E4003BFE14 /* Router.swift */ = {isa = PBXFileReference; lastKnownFileType = sourcecode.swift; path = Router.swift; sourceTree = "<group>"; };
		2B176F1322FD1BC1003BFE14 /* YelpAPI.swift */ = {isa = PBXFileReference; lastKnownFileType = sourcecode.swift; path = YelpAPI.swift; sourceTree = "<group>"; };
		2B176F1622FD1FB9003BFE14 /* NetworkManager.swift */ = {isa = PBXFileReference; lastKnownFileType = sourcecode.swift; path = NetworkManager.swift; sourceTree = "<group>"; };
		2B176F1922FD2859003BFE14 /* GCLandingPageVC.swift */ = {isa = PBXFileReference; lastKnownFileType = sourcecode.swift; path = GCLandingPageVC.swift; sourceTree = "<group>"; };
		2B176F1C22FD2C6F003BFE14 /* GCLandingPageRouter.swift */ = {isa = PBXFileReference; lastKnownFileType = sourcecode.swift; path = GCLandingPageRouter.swift; sourceTree = "<group>"; };
		2B176F2022FD2D05003BFE14 /* GCLandingPagePresenter.swift */ = {isa = PBXFileReference; lastKnownFileType = sourcecode.swift; path = GCLandingPagePresenter.swift; sourceTree = "<group>"; };
		2B176F2222FD2D78003BFE14 /* GCLandingPageInteractor.swift */ = {isa = PBXFileReference; lastKnownFileType = sourcecode.swift; path = GCLandingPageInteractor.swift; sourceTree = "<group>"; };
		2B176F2422FE6B0C003BFE14 /* OpeningHoursUIModel.swift */ = {isa = PBXFileReference; lastKnownFileType = sourcecode.swift; path = OpeningHoursUIModel.swift; sourceTree = "<group>"; };
		2B176F2622FE6DA4003BFE14 /* BusinessUIModel.swift */ = {isa = PBXFileReference; lastKnownFileType = sourcecode.swift; path = BusinessUIModel.swift; sourceTree = "<group>"; };
		2B176F2922FE6FEE003BFE14 /* BusinessHoursUIModel.swift */ = {isa = PBXFileReference; lastKnownFileType = sourcecode.swift; path = BusinessHoursUIModel.swift; sourceTree = "<group>"; };
		2B176F2C22FE7BB8003BFE14 /* UIEntityConversionTests.swift */ = {isa = PBXFileReference; lastKnownFileType = sourcecode.swift; path = UIEntityConversionTests.swift; sourceTree = "<group>"; };
		2B176F3122FF11A2003BFE14 /* HoursComponentView.swift */ = {isa = PBXFileReference; lastKnownFileType = sourcecode.swift; path = HoursComponentView.swift; sourceTree = "<group>"; };
		2B176F3322FF11B4003BFE14 /* HoursComponentView.xib */ = {isa = PBXFileReference; lastKnownFileType = file.xib; path = HoursComponentView.xib; sourceTree = "<group>"; };
		2B176F3622FF186E003BFE14 /* HoursComponentPresenter.swift */ = {isa = PBXFileReference; lastKnownFileType = sourcecode.swift; path = HoursComponentPresenter.swift; sourceTree = "<group>"; };
		2B176F3922FF1912003BFE14 /* HoursComponentBuilder.swift */ = {isa = PBXFileReference; lastKnownFileType = sourcecode.swift; path = HoursComponentBuilder.swift; sourceTree = "<group>"; };
		2B176F3B22FF2020003BFE14 /* HoursCell.swift */ = {isa = PBXFileReference; lastKnownFileType = sourcecode.swift; path = HoursCell.swift; sourceTree = "<group>"; };
		2B176F3C22FF2020003BFE14 /* HoursCell.xib */ = {isa = PBXFileReference; lastKnownFileType = file.xib; path = HoursCell.xib; sourceTree = "<group>"; };
		2B176F4122FFBD79003BFE14 /* GCLandingPageVCMock.swift */ = {isa = PBXFileReference; lastKnownFileType = sourcecode.swift; path = GCLandingPageVCMock.swift; sourceTree = "<group>"; };
		2B176F4322FFBDEC003BFE14 /* GCLandingPagePresenterMock.swift */ = {isa = PBXFileReference; lastKnownFileType = sourcecode.swift; path = GCLandingPagePresenterMock.swift; sourceTree = "<group>"; };
		2B176F4522FFBEA8003BFE14 /* NetworkManagerMock.swift */ = {isa = PBXFileReference; lastKnownFileType = sourcecode.swift; path = NetworkManagerMock.swift; sourceTree = "<group>"; };
		2B176F4722FFC053003BFE14 /* GCLandingPageInteractorMock.swift */ = {isa = PBXFileReference; lastKnownFileType = sourcecode.swift; path = GCLandingPageInteractorMock.swift; sourceTree = "<group>"; };
		2B176F4922FFC0C7003BFE14 /* GCLandingPagePresenterTests.swift */ = {isa = PBXFileReference; lastKnownFileType = sourcecode.swift; path = GCLandingPagePresenterTests.swift; sourceTree = "<group>"; };
		2B176F4B22FFC66E003BFE14 /* GCLandingPageInteractorTests.swift */ = {isa = PBXFileReference; lastKnownFileType = sourcecode.swift; path = GCLandingPageInteractorTests.swift; sourceTree = "<group>"; };
		2B176F4F22FFC904003BFE14 /* HoursComponentViewMock.swift */ = {isa = PBXFileReference; lastKnownFileType = sourcecode.swift; path = HoursComponentViewMock.swift; sourceTree = "<group>"; };
		2B176F5322FFC9B9003BFE14 /* HoursComponentPresenterTests.swift */ = {isa = PBXFileReference; lastKnownFileType = sourcecode.swift; path = HoursComponentPresenterTests.swift; sourceTree = "<group>"; };
		2B176F5922FFCD2E003BFE14 /* AddressComponentView.swift */ = {isa = PBXFileReference; lastKnownFileType = sourcecode.swift; path = AddressComponentView.swift; sourceTree = "<group>"; };
		2B176F5B22FFCD3E003BFE14 /* AddressComponentView.xib */ = {isa = PBXFileReference; lastKnownFileType = file.xib; path = AddressComponentView.xib; sourceTree = "<group>"; };
		2B176F5D22FFCEB0003BFE14 /* AddressComponentBuilder.swift */ = {isa = PBXFileReference; lastKnownFileType = sourcecode.swift; path = AddressComponentBuilder.swift; sourceTree = "<group>"; };
		2B176F5F22FFCF5C003BFE14 /* AddressComponentPresenter.swift */ = {isa = PBXFileReference; lastKnownFileType = sourcecode.swift; path = AddressComponentPresenter.swift; sourceTree = "<group>"; };
		2B176F6122FFD099003BFE14 /* AddressComponentCell.swift */ = {isa = PBXFileReference; lastKnownFileType = sourcecode.swift; path = AddressComponentCell.swift; sourceTree = "<group>"; };
		2B176F6222FFD099003BFE14 /* AddressComponentCell.xib */ = {isa = PBXFileReference; lastKnownFileType = file.xib; path = AddressComponentCell.xib; sourceTree = "<group>"; };
		2B1AD2B1230090C5007892BC /* PhoneComponentCell.swift */ = {isa = PBXFileReference; lastKnownFileType = sourcecode.swift; path = PhoneComponentCell.swift; sourceTree = "<group>"; };
		2B1AD2B2230090C5007892BC /* PhoneComponentCell.xib */ = {isa = PBXFileReference; lastKnownFileType = file.xib; path = PhoneComponentCell.xib; sourceTree = "<group>"; };
		2B1AD2B9230112A4007892BC /* AddressComponentViewMock.swift */ = {isa = PBXFileReference; lastKnownFileType = sourcecode.swift; path = AddressComponentViewMock.swift; sourceTree = "<group>"; };
		2B1AD2BB2301136D007892BC /* AddressComponentPresenterTests.swift */ = {isa = PBXFileReference; lastKnownFileType = sourcecode.swift; path = AddressComponentPresenterTests.swift; sourceTree = "<group>"; };
		2B5A94C92309078C00679038 /* ReviewsTableViewInteractorTests.swift */ = {isa = PBXFileReference; lastKnownFileType = sourcecode.swift; path = ReviewsTableViewInteractorTests.swift; sourceTree = "<group>"; };
		2B5A94CB2309080900679038 /* ReviewsPresenterMock.swift */ = {isa = PBXFileReference; lastKnownFileType = sourcecode.swift; path = ReviewsPresenterMock.swift; sourceTree = "<group>"; };
		2B5A94CD230A4B8800679038 /* GCLandingPageRouterMock.swift */ = {isa = PBXFileReference; lastKnownFileType = sourcecode.swift; path = GCLandingPageRouterMock.swift; sourceTree = "<group>"; };
		2B7374182307A90C003DADB3 /* ReviewsTableViewPresenter.swift */ = {isa = PBXFileReference; lastKnownFileType = sourcecode.swift; path = ReviewsTableViewPresenter.swift; sourceTree = "<group>"; };
		2B73741B2307AA9C003DADB3 /* ReviewsTableViewInteractor.swift */ = {isa = PBXFileReference; lastKnownFileType = sourcecode.swift; path = ReviewsTableViewInteractor.swift; sourceTree = "<group>"; };
		2BB1FE4E22F93056006FAAE5 /* TheGettyCenterYelp.app */ = {isa = PBXFileReference; explicitFileType = wrapper.application; includeInIndex = 0; path = TheGettyCenterYelp.app; sourceTree = BUILT_PRODUCTS_DIR; };
		2BB1FE5122F93056006FAAE5 /* AppDelegate.swift */ = {isa = PBXFileReference; lastKnownFileType = sourcecode.swift; path = AppDelegate.swift; sourceTree = "<group>"; };
		2BB1FE5622F93056006FAAE5 /* Base */ = {isa = PBXFileReference; lastKnownFileType = file.storyboard; name = Base; path = Base.lproj/Main.storyboard; sourceTree = "<group>"; };
		2BB1FE5822F93059006FAAE5 /* Assets.xcassets */ = {isa = PBXFileReference; lastKnownFileType = folder.assetcatalog; path = Assets.xcassets; sourceTree = "<group>"; };
		2BB1FE5B22F93059006FAAE5 /* Base */ = {isa = PBXFileReference; lastKnownFileType = file.storyboard; name = Base; path = Base.lproj/LaunchScreen.storyboard; sourceTree = "<group>"; };
		2BB1FE5D22F93059006FAAE5 /* Info.plist */ = {isa = PBXFileReference; lastKnownFileType = text.plist.xml; path = Info.plist; sourceTree = "<group>"; };
		2BB1FE6222F93059006FAAE5 /* TheGettyCenterYelpTests.xctest */ = {isa = PBXFileReference; explicitFileType = wrapper.cfbundle; includeInIndex = 0; path = TheGettyCenterYelpTests.xctest; sourceTree = BUILT_PRODUCTS_DIR; };
		2BB1FE6822F93059006FAAE5 /* Info.plist */ = {isa = PBXFileReference; lastKnownFileType = text.plist.xml; path = Info.plist; sourceTree = "<group>"; };
		2BB1FE7222F93119006FAAE5 /* Storyboarded.swift */ = {isa = PBXFileReference; lastKnownFileType = sourcecode.swift; path = Storyboarded.swift; sourceTree = "<group>"; };
		2BB1FE7522F933F9006FAAE5 /* GettyCenterBusinessDetailsMock.json */ = {isa = PBXFileReference; lastKnownFileType = text.json; path = GettyCenterBusinessDetailsMock.json; sourceTree = "<group>"; };
		2BB1FE7A22F9346E006FAAE5 /* Business.swift */ = {isa = PBXFileReference; lastKnownFileType = sourcecode.swift; path = Business.swift; sourceTree = "<group>"; };
		2BB1FE7C22F936C0006FAAE5 /* BusinessLocation.swift */ = {isa = PBXFileReference; lastKnownFileType = sourcecode.swift; path = BusinessLocation.swift; sourceTree = "<group>"; };
		2BB1FE7E22FA7695006FAAE5 /* BusinessHours.swift */ = {isa = PBXFileReference; lastKnownFileType = sourcecode.swift; path = BusinessHours.swift; sourceTree = "<group>"; };
		2BB1FE8022FA7748006FAAE5 /* OpeningHours.swift */ = {isa = PBXFileReference; lastKnownFileType = sourcecode.swift; path = OpeningHours.swift; sourceTree = "<group>"; };
		2BCF99F12304519800A320E3 /* NameComponentView.swift */ = {isa = PBXFileReference; lastKnownFileType = sourcecode.swift; path = NameComponentView.swift; sourceTree = "<group>"; };
		2BCF99F3230451A800A320E3 /* NameComponentView.xib */ = {isa = PBXFileReference; lastKnownFileType = file.xib; path = NameComponentView.xib; sourceTree = "<group>"; };
		2BCF99F5230452B700A320E3 /* NameComponentPresenter.swift */ = {isa = PBXFileReference; lastKnownFileType = sourcecode.swift; path = NameComponentPresenter.swift; sourceTree = "<group>"; };
		2BCF99F8230453D700A320E3 /* NameComponentBuilder.swift */ = {isa = PBXFileReference; lastKnownFileType = sourcecode.swift; path = NameComponentBuilder.swift; sourceTree = "<group>"; };
		2BCF99FE2305046300A320E3 /* NameComponentViewMock.swift */ = {isa = PBXFileReference; lastKnownFileType = sourcecode.swift; path = NameComponentViewMock.swift; sourceTree = "<group>"; };
		2BCF9A00230504C600A320E3 /* NameComponentPresenterTests.swift */ = {isa = PBXFileReference; lastKnownFileType = sourcecode.swift; path = NameComponentPresenterTests.swift; sourceTree = "<group>"; };
		2BCF9A0523064F7100A320E3 /* ReviewsTableViewController.swift */ = {isa = PBXFileReference; lastKnownFileType = sourcecode.swift; path = ReviewsTableViewController.swift; sourceTree = "<group>"; };
		2BCF9A082306555100A320E3 /* ReviewsTableViewRouter.swift */ = {isa = PBXFileReference; lastKnownFileType = sourcecode.swift; path = ReviewsTableViewRouter.swift; sourceTree = "<group>"; };
		2BCF9A0A23065D4100A320E3 /* TopReviewsMockResponse.json */ = {isa = PBXFileReference; lastKnownFileType = text.json; path = TopReviewsMockResponse.json; sourceTree = "<group>"; };
		2BCF9A0D23065DB700A320E3 /* BusinessReviews.swift */ = {isa = PBXFileReference; lastKnownFileType = sourcecode.swift; path = BusinessReviews.swift; sourceTree = "<group>"; };
		2BCF9A0F23065DED00A320E3 /* BusinessReview.swift */ = {isa = PBXFileReference; lastKnownFileType = sourcecode.swift; path = BusinessReview.swift; sourceTree = "<group>"; };
		2BCF9A1123065E5500A320E3 /* BusinessUser.swift */ = {isa = PBXFileReference; lastKnownFileType = sourcecode.swift; path = BusinessUser.swift; sourceTree = "<group>"; };
		2BCF9A1323065EE800A320E3 /* BusinessReviewsDeserializationTests.swift */ = {isa = PBXFileReference; lastKnownFileType = sourcecode.swift; path = BusinessReviewsDeserializationTests.swift; sourceTree = "<group>"; };
		2BE6849B2307AFFD000E6914 /* ReviewCell.swift */ = {isa = PBXFileReference; lastKnownFileType = sourcecode.swift; path = ReviewCell.swift; sourceTree = "<group>"; };
		2BE6849D230851C9000E6914 /* SpinnerViewController.swift */ = {isa = PBXFileReference; lastKnownFileType = sourcecode.swift; path = SpinnerViewController.swift; sourceTree = "<group>"; };
		2BE684A32308F9C4000E6914 /* ReviewsModuleViewMock.swift */ = {isa = PBXFileReference; lastKnownFileType = sourcecode.swift; path = ReviewsModuleViewMock.swift; sourceTree = "<group>"; };
		2BE684A52308FA64000E6914 /* ReviewsInteractorMock.swift */ = {isa = PBXFileReference; lastKnownFileType = sourcecode.swift; path = ReviewsInteractorMock.swift; sourceTree = "<group>"; };
		2BE684A72308FAE3000E6914 /* ReviewsTableViewPresenterTests.swift */ = {isa = PBXFileReference; lastKnownFileType = sourcecode.swift; path = ReviewsTableViewPresenterTests.swift; sourceTree = "<group>"; };
		2BFDF95C22FA858000E08659 /* UtilitiesTests.swift */ = {isa = PBXFileReference; lastKnownFileType = sourcecode.swift; path = UtilitiesTests.swift; sourceTree = "<group>"; };
		2BFDF95E22FA85C900E08659 /* Extensions+Enums.swift */ = {isa = PBXFileReference; lastKnownFileType = sourcecode.swift; path = "Extensions+Enums.swift"; sourceTree = "<group>"; };
/* End PBXFileReference section */

/* Begin PBXFrameworksBuildPhase section */
		2BB1FE4B22F93056006FAAE5 /* Frameworks */ = {
			isa = PBXFrameworksBuildPhase;
			buildActionMask = 2147483647;
			files = (
			);
			runOnlyForDeploymentPostprocessing = 0;
		};
		2BB1FE5F22F93059006FAAE5 /* Frameworks */ = {
			isa = PBXFrameworksBuildPhase;
			buildActionMask = 2147483647;
			files = (
			);
			runOnlyForDeploymentPostprocessing = 0;
		};
/* End PBXFrameworksBuildPhase section */

/* Begin PBXGroup section */
		2B176F0422FD1051003BFE14 /* Network Layer */ = {
			isa = PBXGroup;
			children = (
				2B176F1522FD1FAA003BFE14 /* Manager */,
				2B176F0E22FD126B003BFE14 /* Service */,
				2B176F0B22FD117D003BFE14 /* Endpoint */,
			);
			path = "Network Layer";
			sourceTree = "<group>";
		};
		2B176F0B22FD117D003BFE14 /* Endpoint */ = {
			isa = PBXGroup;
			children = (
				2B176F0522FD1081003BFE14 /* EndpointType.swift */,
				2B176F0722FD10C3003BFE14 /* HTTPMethod.swift */,
				2B176F0922FD10EB003BFE14 /* HTTPTask.swift */,
				2B176F1322FD1BC1003BFE14 /* YelpAPI.swift */,
			);
			path = Endpoint;
			sourceTree = "<group>";
		};
		2B176F0E22FD126B003BFE14 /* Service */ = {
			isa = PBXGroup;
			children = (
				2B176F0F22FD127D003BFE14 /* NetworkRouter.swift */,
				2B176F1122FD12E4003BFE14 /* Router.swift */,
			);
			path = Service;
			sourceTree = "<group>";
		};
		2B176F1522FD1FAA003BFE14 /* Manager */ = {
			isa = PBXGroup;
			children = (
				2B176F1622FD1FB9003BFE14 /* NetworkManager.swift */,
			);
			path = Manager;
			sourceTree = "<group>";
		};
		2B176F1822FD2815003BFE14 /* View */ = {
			isa = PBXGroup;
			children = (
				2B176F1922FD2859003BFE14 /* GCLandingPageVC.swift */,
			);
			path = View;
			sourceTree = "<group>";
		};
		2B176F1B22FD2C50003BFE14 /* Router */ = {
			isa = PBXGroup;
			children = (
				2B176F1C22FD2C6F003BFE14 /* GCLandingPageRouter.swift */,
			);
			path = Router;
			sourceTree = "<group>";
		};
		2B176F1E22FD2CC5003BFE14 /* Presenter */ = {
			isa = PBXGroup;
			children = (
				2B176F2022FD2D05003BFE14 /* GCLandingPagePresenter.swift */,
			);
			path = Presenter;
			sourceTree = "<group>";
		};
		2B176F1F22FD2CD2003BFE14 /* Interactor */ = {
			isa = PBXGroup;
			children = (
				2B176F2222FD2D78003BFE14 /* GCLandingPageInteractor.swift */,
			);
			path = Interactor;
			sourceTree = "<group>";
		};
		2B176F2822FE6DAD003BFE14 /* UI Entity */ = {
			isa = PBXGroup;
			children = (
				2B176F2622FE6DA4003BFE14 /* BusinessUIModel.swift */,
				2B176F2422FE6B0C003BFE14 /* OpeningHoursUIModel.swift */,
				2B176F2922FE6FEE003BFE14 /* BusinessHoursUIModel.swift */,
			);
			path = "UI Entity";
			sourceTree = "<group>";
		};
		2B176F2B22FE7B8D003BFE14 /* UI Entiry */ = {
			isa = PBXGroup;
			children = (
				2B176F2C22FE7BB8003BFE14 /* UIEntityConversionTests.swift */,
			);
			path = "UI Entiry";
			sourceTree = "<group>";
		};
		2B176F2E22FF1164003BFE14 /* Components */ = {
			isa = PBXGroup;
			children = (
				2BCF99EE2304516700A320E3 /* NameComponent */,
				2B176F5522FFCCCB003BFE14 /* AddressComponent */,
				2B176F2F22FF116E003BFE14 /* Hours Component */,
			);
			path = Components;
			sourceTree = "<group>";
		};
		2B176F2F22FF116E003BFE14 /* Hours Component */ = {
			isa = PBXGroup;
			children = (
				2B176F3822FF18FA003BFE14 /* Builder */,
				2B176F3522FF1855003BFE14 /* Presenter */,
				2B176F3022FF1181003BFE14 /* View */,
			);
			path = "Hours Component";
			sourceTree = "<group>";
		};
		2B176F3022FF1181003BFE14 /* View */ = {
			isa = PBXGroup;
			children = (
				2B176F3122FF11A2003BFE14 /* HoursComponentView.swift */,
				2B176F3322FF11B4003BFE14 /* HoursComponentView.xib */,
				2B176F3B22FF2020003BFE14 /* HoursCell.swift */,
				2B176F3C22FF2020003BFE14 /* HoursCell.xib */,
			);
			path = View;
			sourceTree = "<group>";
		};
		2B176F3522FF1855003BFE14 /* Presenter */ = {
			isa = PBXGroup;
			children = (
				2B176F3622FF186E003BFE14 /* HoursComponentPresenter.swift */,
			);
			path = Presenter;
			sourceTree = "<group>";
		};
		2B176F3822FF18FA003BFE14 /* Builder */ = {
			isa = PBXGroup;
			children = (
				2B176F3922FF1912003BFE14 /* HoursComponentBuilder.swift */,
			);
			path = Builder;
			sourceTree = "<group>";
		};
		2B176F3F22FFBD4F003BFE14 /* BusinessDetailsModule */ = {
			isa = PBXGroup;
			children = (
				2B176F4022FFBD5F003BFE14 /* Mocks */,
				2B176F4922FFC0C7003BFE14 /* GCLandingPagePresenterTests.swift */,
				2B176F4B22FFC66E003BFE14 /* GCLandingPageInteractorTests.swift */,
			);
			path = BusinessDetailsModule;
			sourceTree = "<group>";
		};
		2B176F4022FFBD5F003BFE14 /* Mocks */ = {
			isa = PBXGroup;
			children = (
				2B176F4122FFBD79003BFE14 /* GCLandingPageVCMock.swift */,
				2B176F4322FFBDEC003BFE14 /* GCLandingPagePresenterMock.swift */,
				2B176F4522FFBEA8003BFE14 /* NetworkManagerMock.swift */,
				2B176F4722FFC053003BFE14 /* GCLandingPageInteractorMock.swift */,
				2B5A94CD230A4B8800679038 /* GCLandingPageRouterMock.swift */,
			);
			path = Mocks;
			sourceTree = "<group>";
		};
		2B176F4D22FFC8EA003BFE14 /* HoursComponent */ = {
			isa = PBXGroup;
			children = (
				2B176F4E22FFC8F2003BFE14 /* Mocks */,
				2B176F5322FFC9B9003BFE14 /* HoursComponentPresenterTests.swift */,
			);
			path = HoursComponent;
			sourceTree = "<group>";
		};
		2B176F4E22FFC8F2003BFE14 /* Mocks */ = {
			isa = PBXGroup;
			children = (
				2B176F4F22FFC904003BFE14 /* HoursComponentViewMock.swift */,
			);
			path = Mocks;
			sourceTree = "<group>";
		};
		2B176F5522FFCCCB003BFE14 /* AddressComponent */ = {
			isa = PBXGroup;
			children = (
				2B176F5822FFCD07003BFE14 /* View */,
				2B176F5722FFCD00003BFE14 /* Presenter */,
				2B176F5622FFCCF9003BFE14 /* Builder */,
			);
			path = AddressComponent;
			sourceTree = "<group>";
		};
		2B176F5622FFCCF9003BFE14 /* Builder */ = {
			isa = PBXGroup;
			children = (
				2B176F5D22FFCEB0003BFE14 /* AddressComponentBuilder.swift */,
			);
			path = Builder;
			sourceTree = "<group>";
		};
		2B176F5722FFCD00003BFE14 /* Presenter */ = {
			isa = PBXGroup;
			children = (
				2B176F5F22FFCF5C003BFE14 /* AddressComponentPresenter.swift */,
			);
			path = Presenter;
			sourceTree = "<group>";
		};
		2B176F5822FFCD07003BFE14 /* View */ = {
			isa = PBXGroup;
			children = (
				2B176F5922FFCD2E003BFE14 /* AddressComponentView.swift */,
				2B176F5B22FFCD3E003BFE14 /* AddressComponentView.xib */,
				2B176F6122FFD099003BFE14 /* AddressComponentCell.swift */,
				2B176F6222FFD099003BFE14 /* AddressComponentCell.xib */,
				2B1AD2B1230090C5007892BC /* PhoneComponentCell.swift */,
				2B1AD2B2230090C5007892BC /* PhoneComponentCell.xib */,
			);
			path = View;
			sourceTree = "<group>";
		};
		2B1AD2B523011201007892BC /* AddressComponent */ = {
			isa = PBXGroup;
			children = (
				2B1AD2B623011211007892BC /* Mocks */,
				2B1AD2BB2301136D007892BC /* AddressComponentPresenterTests.swift */,
			);
			path = AddressComponent;
			sourceTree = "<group>";
		};
		2B1AD2B623011211007892BC /* Mocks */ = {
			isa = PBXGroup;
			children = (
				2B1AD2B9230112A4007892BC /* AddressComponentViewMock.swift */,
			);
			path = Mocks;
			sourceTree = "<group>";
		};
		2B7374152307A8AE003DADB3 /* Presenter */ = {
			isa = PBXGroup;
			children = (
				2B7374182307A90C003DADB3 /* ReviewsTableViewPresenter.swift */,
			);
			path = Presenter;
			sourceTree = "<group>";
		};
		2B73741A2307AA77003DADB3 /* Interactor */ = {
			isa = PBXGroup;
			children = (
				2B73741B2307AA9C003DADB3 /* ReviewsTableViewInteractor.swift */,
			);
			path = Interactor;
			sourceTree = "<group>";
		};
		2BB1FE4522F93056006FAAE5 = {
			isa = PBXGroup;
			children = (
				2BB1FE5022F93056006FAAE5 /* TheGettyCenterYelp */,
				2BB1FE6522F93059006FAAE5 /* TheGettyCenterYelpTests */,
				2BB1FE4F22F93056006FAAE5 /* Products */,
			);
			sourceTree = "<group>";
		};
		2BB1FE4F22F93056006FAAE5 /* Products */ = {
			isa = PBXGroup;
			children = (
				2BB1FE4E22F93056006FAAE5 /* TheGettyCenterYelp.app */,
				2BB1FE6222F93059006FAAE5 /* TheGettyCenterYelpTests.xctest */,
			);
			name = Products;
			sourceTree = "<group>";
		};
		2BB1FE5022F93056006FAAE5 /* TheGettyCenterYelp */ = {
			isa = PBXGroup;
			children = (
				2B176F2E22FF1164003BFE14 /* Components */,
				2B176F0422FD1051003BFE14 /* Network Layer */,
				2BB1FE7822F9342F006FAAE5 /* BusinessDetailsModule */,
				2BCF9A0323064F1B00A320E3 /* ReviewsModule */,
				2BB1FE7122F930FB006FAAE5 /* Utilities */,
				2BB1FE5122F93056006FAAE5 /* AppDelegate.swift */,
				2BB1FE5522F93056006FAAE5 /* Main.storyboard */,
				2BB1FE5822F93059006FAAE5 /* Assets.xcassets */,
				2BB1FE5A22F93059006FAAE5 /* LaunchScreen.storyboard */,
				2BB1FE5D22F93059006FAAE5 /* Info.plist */,
			);
			path = TheGettyCenterYelp;
			sourceTree = "<group>";
		};
		2BB1FE6522F93059006FAAE5 /* TheGettyCenterYelpTests */ = {
			isa = PBXGroup;
			children = (
				2BE6849F2308F97C000E6914 /* ReviewsModule */,
				2BCF99FA2305043200A320E3 /* NameComponent */,
				2B1AD2B523011201007892BC /* AddressComponent */,
				2B176F4D22FFC8EA003BFE14 /* HoursComponent */,
				2B176F3F22FFBD4F003BFE14 /* BusinessDetailsModule */,
				2B176F2B22FE7B8D003BFE14 /* UI Entiry */,
				2BFDF95B22FA856900E08659 /* Utilities */,
				2BB1FE7722F93406006FAAE5 /* Deserialization */,
				2BB1FE7422F9338F006FAAE5 /* Mocks */,
				2BB1FE6822F93059006FAAE5 /* Info.plist */,
			);
			path = TheGettyCenterYelpTests;
			sourceTree = "<group>";
		};
		2BB1FE7122F930FB006FAAE5 /* Utilities */ = {
			isa = PBXGroup;
			children = (
				2BB1FE7222F93119006FAAE5 /* Storyboarded.swift */,
				2BFDF95E22FA85C900E08659 /* Extensions+Enums.swift */,
				2BE6849D230851C9000E6914 /* SpinnerViewController.swift */,
			);
			path = Utilities;
			sourceTree = "<group>";
		};
		2BB1FE7422F9338F006FAAE5 /* Mocks */ = {
			isa = PBXGroup;
			children = (
				2BB1FE7522F933F9006FAAE5 /* GettyCenterBusinessDetailsMock.json */,
				2B176EEE22FBB99F003BFE14 /* BusinessHoursMockResponse.json */,
				2B176EFE22FBBD8C003BFE14 /* BusinessLocationMockResponse.json */,
				2BCF9A0A23065D4100A320E3 /* TopReviewsMockResponse.json */,
			);
			path = Mocks;
			sourceTree = "<group>";
		};
		2BB1FE7722F93406006FAAE5 /* Deserialization */ = {
			isa = PBXGroup;
			children = (
				2B176EFA22FBBB7A003BFE14 /* BunsinessHoursDeserializationTests.swift */,
				2B176F0022FBBDAA003BFE14 /* BusinessLocationDeserializationTests.swift */,
				2B176F0222FBC99A003BFE14 /* BusinessDeserializationTests.swift */,
				2BCF9A1323065EE800A320E3 /* BusinessReviewsDeserializationTests.swift */,
			);
			path = Deserialization;
			sourceTree = "<group>";
		};
		2BB1FE7822F9342F006FAAE5 /* BusinessDetailsModule */ = {
			isa = PBXGroup;
			children = (
				2B176F1822FD2815003BFE14 /* View */,
				2B176F1F22FD2CD2003BFE14 /* Interactor */,
				2B176F1E22FD2CC5003BFE14 /* Presenter */,
				2BB1FE7922F93444006FAAE5 /* Entity */,
				2B176F1B22FD2C50003BFE14 /* Router */,
			);
			path = BusinessDetailsModule;
			sourceTree = "<group>";
		};
		2BB1FE7922F93444006FAAE5 /* Entity */ = {
			isa = PBXGroup;
			children = (
				2B176F2822FE6DAD003BFE14 /* UI Entity */,
				2BB1FE7A22F9346E006FAAE5 /* Business.swift */,
				2BB1FE7C22F936C0006FAAE5 /* BusinessLocation.swift */,
				2BB1FE7E22FA7695006FAAE5 /* BusinessHours.swift */,
				2BB1FE8022FA7748006FAAE5 /* OpeningHours.swift */,
			);
			path = Entity;
			sourceTree = "<group>";
		};
		2BCF99EE2304516700A320E3 /* NameComponent */ = {
			isa = PBXGroup;
			children = (
				2BCF99F72304534D00A320E3 /* Builder */,
				2BCF99F02304518100A320E3 /* Presenter */,
				2BCF99EF2304517A00A320E3 /* View */,
			);
			path = NameComponent;
			sourceTree = "<group>";
		};
		2BCF99EF2304517A00A320E3 /* View */ = {
			isa = PBXGroup;
			children = (
				2BCF99F12304519800A320E3 /* NameComponentView.swift */,
				2BCF99F3230451A800A320E3 /* NameComponentView.xib */,
			);
			path = View;
			sourceTree = "<group>";
		};
		2BCF99F02304518100A320E3 /* Presenter */ = {
			isa = PBXGroup;
			children = (
				2BCF99F5230452B700A320E3 /* NameComponentPresenter.swift */,
			);
			path = Presenter;
			sourceTree = "<group>";
		};
		2BCF99F72304534D00A320E3 /* Builder */ = {
			isa = PBXGroup;
			children = (
				2BCF99F8230453D700A320E3 /* NameComponentBuilder.swift */,
			);
			path = Builder;
			sourceTree = "<group>";
		};
		2BCF99FA2305043200A320E3 /* NameComponent */ = {
			isa = PBXGroup;
			children = (
				2BCF99FB2305044100A320E3 /* Mocks */,
				2BCF9A00230504C600A320E3 /* NameComponentPresenterTests.swift */,
			);
			path = NameComponent;
			sourceTree = "<group>";
		};
		2BCF99FB2305044100A320E3 /* Mocks */ = {
			isa = PBXGroup;
			children = (
				2BCF99FE2305046300A320E3 /* NameComponentViewMock.swift */,
			);
			path = Mocks;
			sourceTree = "<group>";
		};
		2BCF9A0323064F1B00A320E3 /* ReviewsModule */ = {
			isa = PBXGroup;
			children = (
				2B73741A2307AA77003DADB3 /* Interactor */,
				2B7374152307A8AE003DADB3 /* Presenter */,
				2BCF9A0C23065DA400A320E3 /* Entity */,
				2BCF9A072306553C00A320E3 /* Router */,
				2BCF9A0423064F5200A320E3 /* View */,
			);
			path = ReviewsModule;
			sourceTree = "<group>";
		};
		2BCF9A0423064F5200A320E3 /* View */ = {
			isa = PBXGroup;
			children = (
				2BCF9A0523064F7100A320E3 /* ReviewsTableViewController.swift */,
				2BE6849B2307AFFD000E6914 /* ReviewCell.swift */,
			);
			path = View;
			sourceTree = "<group>";
		};
		2BCF9A072306553C00A320E3 /* Router */ = {
			isa = PBXGroup;
			children = (
				2BCF9A082306555100A320E3 /* ReviewsTableViewRouter.swift */,
			);
			path = Router;
			sourceTree = "<group>";
		};
		2BCF9A0C23065DA400A320E3 /* Entity */ = {
			isa = PBXGroup;
			children = (
				2BCF9A0D23065DB700A320E3 /* BusinessReviews.swift */,
				2BCF9A0F23065DED00A320E3 /* BusinessReview.swift */,
				2BCF9A1123065E5500A320E3 /* BusinessUser.swift */,
			);
			path = Entity;
			sourceTree = "<group>";
		};
		2BE6849F2308F97C000E6914 /* ReviewsModule */ = {
			isa = PBXGroup;
			children = (
				2BE684A02308F98F000E6914 /* Mocks */,
				2BE684A72308FAE3000E6914 /* ReviewsTableViewPresenterTests.swift */,
				2B5A94C92309078C00679038 /* ReviewsTableViewInteractorTests.swift */,
			);
			path = ReviewsModule;
			sourceTree = "<group>";
		};
		2BE684A02308F98F000E6914 /* Mocks */ = {
			isa = PBXGroup;
			children = (
				2BE684A32308F9C4000E6914 /* ReviewsModuleViewMock.swift */,
				2BE684A52308FA64000E6914 /* ReviewsInteractorMock.swift */,
				2B5A94CB2309080900679038 /* ReviewsPresenterMock.swift */,
			);
			path = Mocks;
			sourceTree = "<group>";
		};
		2BFDF95B22FA856900E08659 /* Utilities */ = {
			isa = PBXGroup;
			children = (
				2BFDF95C22FA858000E08659 /* UtilitiesTests.swift */,
				2B176EF222FBBA88003BFE14 /* HelperFunctions.swift */,
				2B176EF422FBBA9C003BFE14 /* HelperFunctionsTests.swift */,
			);
			path = Utilities;
			sourceTree = "<group>";
		};
/* End PBXGroup section */

/* Begin PBXNativeTarget section */
		2BB1FE4D22F93056006FAAE5 /* TheGettyCenterYelp */ = {
			isa = PBXNativeTarget;
			buildConfigurationList = 2BB1FE6B22F93059006FAAE5 /* Build configuration list for PBXNativeTarget "TheGettyCenterYelp" */;
			buildPhases = (
				2BB1FE4A22F93056006FAAE5 /* Sources */,
				2BB1FE4B22F93056006FAAE5 /* Frameworks */,
				2BB1FE4C22F93056006FAAE5 /* Resources */,
			);
			buildRules = (
			);
			dependencies = (
			);
			name = TheGettyCenterYelp;
			productName = TheGettyCenterYelp;
			productReference = 2BB1FE4E22F93056006FAAE5 /* TheGettyCenterYelp.app */;
			productType = "com.apple.product-type.application";
		};
		2BB1FE6122F93059006FAAE5 /* TheGettyCenterYelpTests */ = {
			isa = PBXNativeTarget;
			buildConfigurationList = 2BB1FE6E22F93059006FAAE5 /* Build configuration list for PBXNativeTarget "TheGettyCenterYelpTests" */;
			buildPhases = (
				2BB1FE5E22F93059006FAAE5 /* Sources */,
				2BB1FE5F22F93059006FAAE5 /* Frameworks */,
				2BB1FE6022F93059006FAAE5 /* Resources */,
			);
			buildRules = (
			);
			dependencies = (
				2BB1FE6422F93059006FAAE5 /* PBXTargetDependency */,
			);
			name = TheGettyCenterYelpTests;
			productName = TheGettyCenterYelpTests;
			productReference = 2BB1FE6222F93059006FAAE5 /* TheGettyCenterYelpTests.xctest */;
			productType = "com.apple.product-type.bundle.unit-test";
		};
/* End PBXNativeTarget section */

/* Begin PBXProject section */
		2BB1FE4622F93056006FAAE5 /* Project object */ = {
			isa = PBXProject;
			attributes = {
				LastSwiftUpdateCheck = 1030;
				LastUpgradeCheck = 1030;
				ORGANIZATIONNAME = "Vandan Patel";
				TargetAttributes = {
					2BB1FE4D22F93056006FAAE5 = {
						CreatedOnToolsVersion = 10.3;
					};
					2BB1FE6122F93059006FAAE5 = {
						CreatedOnToolsVersion = 10.3;
						LastSwiftMigration = 1030;
						TestTargetID = 2BB1FE4D22F93056006FAAE5;
					};
				};
			};
			buildConfigurationList = 2BB1FE4922F93056006FAAE5 /* Build configuration list for PBXProject "TheGettyCenterYelp" */;
			compatibilityVersion = "Xcode 9.3";
			developmentRegion = en;
			hasScannedForEncodings = 0;
			knownRegions = (
				en,
				Base,
			);
			mainGroup = 2BB1FE4522F93056006FAAE5;
			productRefGroup = 2BB1FE4F22F93056006FAAE5 /* Products */;
			projectDirPath = "";
			projectRoot = "";
			targets = (
				2BB1FE4D22F93056006FAAE5 /* TheGettyCenterYelp */,
				2BB1FE6122F93059006FAAE5 /* TheGettyCenterYelpTests */,
			);
		};
/* End PBXProject section */

/* Begin PBXResourcesBuildPhase section */
		2BB1FE4C22F93056006FAAE5 /* Resources */ = {
			isa = PBXResourcesBuildPhase;
			buildActionMask = 2147483647;
			files = (
				2BB1FE5C22F93059006FAAE5 /* LaunchScreen.storyboard in Resources */,
				2B176F3E22FF2020003BFE14 /* HoursCell.xib in Resources */,
				2B176F6422FFD099003BFE14 /* AddressComponentCell.xib in Resources */,
				2BB1FE5922F93059006FAAE5 /* Assets.xcassets in Resources */,
				2B1AD2B4230090C5007892BC /* PhoneComponentCell.xib in Resources */,
				2B176F3422FF11B4003BFE14 /* HoursComponentView.xib in Resources */,
				2BCF99F4230451A800A320E3 /* NameComponentView.xib in Resources */,
				2BB1FE5722F93056006FAAE5 /* Main.storyboard in Resources */,
				2B176F5C22FFCD3E003BFE14 /* AddressComponentView.xib in Resources */,
			);
			runOnlyForDeploymentPostprocessing = 0;
		};
		2BB1FE6022F93059006FAAE5 /* Resources */ = {
			isa = PBXResourcesBuildPhase;
			buildActionMask = 2147483647;
			files = (
				2BCF9A0B23065D4100A320E3 /* TopReviewsMockResponse.json in Resources */,
				2B176EF922FBBB35003BFE14 /* BusinessHoursMockResponse.json in Resources */,
				2B176EF822FBBB31003BFE14 /* GettyCenterBusinessDetailsMock.json in Resources */,
				2B176EFF22FBBD8C003BFE14 /* BusinessLocationMockResponse.json in Resources */,
			);
			runOnlyForDeploymentPostprocessing = 0;
		};
/* End PBXResourcesBuildPhase section */

/* Begin PBXSourcesBuildPhase section */
		2BB1FE4A22F93056006FAAE5 /* Sources */ = {
			isa = PBXSourcesBuildPhase;
			buildActionMask = 2147483647;
			files = (
				2B176F3722FF186E003BFE14 /* HoursComponentPresenter.swift in Sources */,
				2BB1FE7D22F936C0006FAAE5 /* BusinessLocation.swift in Sources */,
				2BB1FE7F22FA7695006FAAE5 /* BusinessHours.swift in Sources */,
				2BCF99F6230452B700A320E3 /* NameComponentPresenter.swift in Sources */,
				2B176F5A22FFCD2E003BFE14 /* AddressComponentView.swift in Sources */,
				2BCF9A0E23065DB700A320E3 /* BusinessReviews.swift in Sources */,
				2B176F5E22FFCEB0003BFE14 /* AddressComponentBuilder.swift in Sources */,
				2B176F0622FD1081003BFE14 /* EndpointType.swift in Sources */,
				2B176F2322FD2D78003BFE14 /* GCLandingPageInteractor.swift in Sources */,
				2BCF9A1023065DED00A320E3 /* BusinessReview.swift in Sources */,
				2B176F2522FE6B0C003BFE14 /* OpeningHoursUIModel.swift in Sources */,
				2BB1FE8122FA7748006FAAE5 /* OpeningHours.swift in Sources */,
				2BFDF95F22FA85C900E08659 /* Extensions+Enums.swift in Sources */,
				2B176F1022FD127D003BFE14 /* NetworkRouter.swift in Sources */,
				2BE6849C2307AFFD000E6914 /* ReviewCell.swift in Sources */,
				2B176F6022FFCF5C003BFE14 /* AddressComponentPresenter.swift in Sources */,
				2BB1FE7B22F9346E006FAAE5 /* Business.swift in Sources */,
				2B176F0A22FD10EB003BFE14 /* HTTPTask.swift in Sources */,
				2BB1FE5222F93056006FAAE5 /* AppDelegate.swift in Sources */,
				2BCF9A1223065E5500A320E3 /* BusinessUser.swift in Sources */,
				2B176F1D22FD2C6F003BFE14 /* GCLandingPageRouter.swift in Sources */,
				2BCF99F22304519800A320E3 /* NameComponentView.swift in Sources */,
				2B176F1422FD1BC1003BFE14 /* YelpAPI.swift in Sources */,
				2B176F0822FD10C3003BFE14 /* HTTPMethod.swift in Sources */,
				2BCF9A0623064F7100A320E3 /* ReviewsTableViewController.swift in Sources */,
				2B1AD2B3230090C5007892BC /* PhoneComponentCell.swift in Sources */,
				2B176F1722FD1FB9003BFE14 /* NetworkManager.swift in Sources */,
				2B176F3D22FF2020003BFE14 /* HoursCell.swift in Sources */,
				2B176F2722FE6DA4003BFE14 /* BusinessUIModel.swift in Sources */,
				2B73741C2307AA9C003DADB3 /* ReviewsTableViewInteractor.swift in Sources */,
				2B176F3A22FF1912003BFE14 /* HoursComponentBuilder.swift in Sources */,
				2BB1FE7322F93119006FAAE5 /* Storyboarded.swift in Sources */,
				2B176F2A22FE6FEE003BFE14 /* BusinessHoursUIModel.swift in Sources */,
				2B176F1A22FD2859003BFE14 /* GCLandingPageVC.swift in Sources */,
				2B7374192307A90C003DADB3 /* ReviewsTableViewPresenter.swift in Sources */,
				2B176F2122FD2D05003BFE14 /* GCLandingPagePresenter.swift in Sources */,
				2BCF9A092306555100A320E3 /* ReviewsTableViewRouter.swift in Sources */,
				2B176F6322FFD099003BFE14 /* AddressComponentCell.swift in Sources */,
				2BCF99F9230453D700A320E3 /* NameComponentBuilder.swift in Sources */,
				2B176F3222FF11A2003BFE14 /* HoursComponentView.swift in Sources */,
				2BE6849E230851C9000E6914 /* SpinnerViewController.swift in Sources */,
				2B176F1222FD12E4003BFE14 /* Router.swift in Sources */,
			);
			runOnlyForDeploymentPostprocessing = 0;
		};
		2BB1FE5E22F93059006FAAE5 /* Sources */ = {
			isa = PBXSourcesBuildPhase;
			buildActionMask = 2147483647;
			files = (
				2B176F4422FFBDEC003BFE14 /* GCLandingPagePresenterMock.swift in Sources */,
				2B176F4C22FFC66E003BFE14 /* GCLandingPageInteractorTests.swift in Sources */,
				2BCF9A01230504C600A320E3 /* NameComponentPresenterTests.swift in Sources */,
				2BCF9A1423065EE800A320E3 /* BusinessReviewsDeserializationTests.swift in Sources */,
				2B176F4A22FFC0C7003BFE14 /* GCLandingPagePresenterTests.swift in Sources */,
				2B176EFB22FBBB7A003BFE14 /* BunsinessHoursDeserializationTests.swift in Sources */,
				2BE684A62308FA64000E6914 /* ReviewsInteractorMock.swift in Sources */,
				2B176F4622FFBEA8003BFE14 /* NetworkManagerMock.swift in Sources */,
				2BCF99FF2305046300A320E3 /* NameComponentViewMock.swift in Sources */,
				2B176F0322FBC99A003BFE14 /* BusinessDeserializationTests.swift in Sources */,
				2BE684A82308FAE3000E6914 /* ReviewsTableViewPresenterTests.swift in Sources */,
				2B5A94CC2309080900679038 /* ReviewsPresenterMock.swift in Sources */,
				2B1AD2BC2301136D007892BC /* AddressComponentPresenterTests.swift in Sources */,
				2BE684A42308F9C4000E6914 /* ReviewsModuleViewMock.swift in Sources */,
				2B1AD2BA230112A4007892BC /* AddressComponentViewMock.swift in Sources */,
				2B176F4822FFC053003BFE14 /* GCLandingPageInteractorMock.swift in Sources */,
				2B176F2D22FE7BB8003BFE14 /* UIEntityConversionTests.swift in Sources */,
				2B5A94CE230A4B8800679038 /* GCLandingPageRouterMock.swift in Sources */,
				2B176F4222FFBD79003BFE14 /* GCLandingPageVCMock.swift in Sources */,
				2B176F0122FBBDAA003BFE14 /* BusinessLocationDeserializationTests.swift in Sources */,
				2BFDF95D22FA858000E08659 /* UtilitiesTests.swift in Sources */,
				2B176F5422FFC9B9003BFE14 /* HoursComponentPresenterTests.swift in Sources */,
				2B176EF522FBBA9C003BFE14 /* HelperFunctionsTests.swift in Sources */,
				2B176F5022FFC904003BFE14 /* HoursComponentViewMock.swift in Sources */,
				2B5A94CA2309078C00679038 /* ReviewsTableViewInteractorTests.swift in Sources */,
				2B176EF322FBBA88003BFE14 /* HelperFunctions.swift in Sources */,
			);
			runOnlyForDeploymentPostprocessing = 0;
		};
/* End PBXSourcesBuildPhase section */

/* Begin PBXTargetDependency section */
		2BB1FE6422F93059006FAAE5 /* PBXTargetDependency */ = {
			isa = PBXTargetDependency;
			target = 2BB1FE4D22F93056006FAAE5 /* TheGettyCenterYelp */;
			targetProxy = 2BB1FE6322F93059006FAAE5 /* PBXContainerItemProxy */;
		};
/* End PBXTargetDependency section */

/* Begin PBXVariantGroup section */
		2BB1FE5522F93056006FAAE5 /* Main.storyboard */ = {
			isa = PBXVariantGroup;
			children = (
				2BB1FE5622F93056006FAAE5 /* Base */,
			);
			name = Main.storyboard;
			sourceTree = "<group>";
		};
		2BB1FE5A22F93059006FAAE5 /* LaunchScreen.storyboard */ = {
			isa = PBXVariantGroup;
			children = (
				2BB1FE5B22F93059006FAAE5 /* Base */,
			);
			name = LaunchScreen.storyboard;
			sourceTree = "<group>";
		};
/* End PBXVariantGroup section */

/* Begin XCBuildConfiguration section */
		2BB1FE6922F93059006FAAE5 /* Debug */ = {
			isa = XCBuildConfiguration;
			buildSettings = {
				ALWAYS_SEARCH_USER_PATHS = NO;
				CLANG_ANALYZER_NONNULL = YES;
				CLANG_ANALYZER_NUMBER_OBJECT_CONVERSION = YES_AGGRESSIVE;
				CLANG_CXX_LANGUAGE_STANDARD = "gnu++14";
				CLANG_CXX_LIBRARY = "libc++";
				CLANG_ENABLE_MODULES = YES;
				CLANG_ENABLE_OBJC_ARC = YES;
				CLANG_ENABLE_OBJC_WEAK = YES;
				CLANG_WARN_BLOCK_CAPTURE_AUTORELEASING = YES;
				CLANG_WARN_BOOL_CONVERSION = YES;
				CLANG_WARN_COMMA = YES;
				CLANG_WARN_CONSTANT_CONVERSION = YES;
				CLANG_WARN_DEPRECATED_OBJC_IMPLEMENTATIONS = YES;
				CLANG_WARN_DIRECT_OBJC_ISA_USAGE = YES_ERROR;
				CLANG_WARN_DOCUMENTATION_COMMENTS = YES;
				CLANG_WARN_EMPTY_BODY = YES;
				CLANG_WARN_ENUM_CONVERSION = YES;
				CLANG_WARN_INFINITE_RECURSION = YES;
				CLANG_WARN_INT_CONVERSION = YES;
				CLANG_WARN_NON_LITERAL_NULL_CONVERSION = YES;
				CLANG_WARN_OBJC_IMPLICIT_RETAIN_SELF = YES;
				CLANG_WARN_OBJC_LITERAL_CONVERSION = YES;
				CLANG_WARN_OBJC_ROOT_CLASS = YES_ERROR;
				CLANG_WARN_RANGE_LOOP_ANALYSIS = YES;
				CLANG_WARN_STRICT_PROTOTYPES = YES;
				CLANG_WARN_SUSPICIOUS_MOVE = YES;
				CLANG_WARN_UNGUARDED_AVAILABILITY = YES_AGGRESSIVE;
				CLANG_WARN_UNREACHABLE_CODE = YES;
				CLANG_WARN__DUPLICATE_METHOD_MATCH = YES;
				CODE_SIGN_IDENTITY = "iPhone Developer";
				COPY_PHASE_STRIP = NO;
				DEBUG_INFORMATION_FORMAT = dwarf;
				ENABLE_STRICT_OBJC_MSGSEND = YES;
				ENABLE_TESTABILITY = YES;
				GCC_C_LANGUAGE_STANDARD = gnu11;
				GCC_DYNAMIC_NO_PIC = NO;
				GCC_NO_COMMON_BLOCKS = YES;
				GCC_OPTIMIZATION_LEVEL = 0;
				GCC_PREPROCESSOR_DEFINITIONS = (
					"DEBUG=1",
					"$(inherited)",
				);
				GCC_WARN_64_TO_32_BIT_CONVERSION = YES;
				GCC_WARN_ABOUT_RETURN_TYPE = YES_ERROR;
				GCC_WARN_UNDECLARED_SELECTOR = YES;
				GCC_WARN_UNINITIALIZED_AUTOS = YES_AGGRESSIVE;
				GCC_WARN_UNUSED_FUNCTION = YES;
				GCC_WARN_UNUSED_VARIABLE = YES;
				IPHONEOS_DEPLOYMENT_TARGET = 12.4;
				MTL_ENABLE_DEBUG_INFO = INCLUDE_SOURCE;
				MTL_FAST_MATH = YES;
				ONLY_ACTIVE_ARCH = YES;
				SDKROOT = iphoneos;
				SWIFT_ACTIVE_COMPILATION_CONDITIONS = DEBUG;
				SWIFT_OPTIMIZATION_LEVEL = "-Onone";
			};
			name = Debug;
		};
		2BB1FE6A22F93059006FAAE5 /* Release */ = {
			isa = XCBuildConfiguration;
			buildSettings = {
				ALWAYS_SEARCH_USER_PATHS = NO;
				CLANG_ANALYZER_NONNULL = YES;
				CLANG_ANALYZER_NUMBER_OBJECT_CONVERSION = YES_AGGRESSIVE;
				CLANG_CXX_LANGUAGE_STANDARD = "gnu++14";
				CLANG_CXX_LIBRARY = "libc++";
				CLANG_ENABLE_MODULES = YES;
				CLANG_ENABLE_OBJC_ARC = YES;
				CLANG_ENABLE_OBJC_WEAK = YES;
				CLANG_WARN_BLOCK_CAPTURE_AUTORELEASING = YES;
				CLANG_WARN_BOOL_CONVERSION = YES;
				CLANG_WARN_COMMA = YES;
				CLANG_WARN_CONSTANT_CONVERSION = YES;
				CLANG_WARN_DEPRECATED_OBJC_IMPLEMENTATIONS = YES;
				CLANG_WARN_DIRECT_OBJC_ISA_USAGE = YES_ERROR;
				CLANG_WARN_DOCUMENTATION_COMMENTS = YES;
				CLANG_WARN_EMPTY_BODY = YES;
				CLANG_WARN_ENUM_CONVERSION = YES;
				CLANG_WARN_INFINITE_RECURSION = YES;
				CLANG_WARN_INT_CONVERSION = YES;
				CLANG_WARN_NON_LITERAL_NULL_CONVERSION = YES;
				CLANG_WARN_OBJC_IMPLICIT_RETAIN_SELF = YES;
				CLANG_WARN_OBJC_LITERAL_CONVERSION = YES;
				CLANG_WARN_OBJC_ROOT_CLASS = YES_ERROR;
				CLANG_WARN_RANGE_LOOP_ANALYSIS = YES;
				CLANG_WARN_STRICT_PROTOTYPES = YES;
				CLANG_WARN_SUSPICIOUS_MOVE = YES;
				CLANG_WARN_UNGUARDED_AVAILABILITY = YES_AGGRESSIVE;
				CLANG_WARN_UNREACHABLE_CODE = YES;
				CLANG_WARN__DUPLICATE_METHOD_MATCH = YES;
				CODE_SIGN_IDENTITY = "iPhone Developer";
				COPY_PHASE_STRIP = NO;
				DEBUG_INFORMATION_FORMAT = "dwarf-with-dsym";
				ENABLE_NS_ASSERTIONS = NO;
				ENABLE_STRICT_OBJC_MSGSEND = YES;
				GCC_C_LANGUAGE_STANDARD = gnu11;
				GCC_NO_COMMON_BLOCKS = YES;
				GCC_WARN_64_TO_32_BIT_CONVERSION = YES;
				GCC_WARN_ABOUT_RETURN_TYPE = YES_ERROR;
				GCC_WARN_UNDECLARED_SELECTOR = YES;
				GCC_WARN_UNINITIALIZED_AUTOS = YES_AGGRESSIVE;
				GCC_WARN_UNUSED_FUNCTION = YES;
				GCC_WARN_UNUSED_VARIABLE = YES;
				IPHONEOS_DEPLOYMENT_TARGET = 12.4;
				MTL_ENABLE_DEBUG_INFO = NO;
				MTL_FAST_MATH = YES;
				SDKROOT = iphoneos;
				SWIFT_COMPILATION_MODE = wholemodule;
				SWIFT_OPTIMIZATION_LEVEL = "-O";
				VALIDATE_PRODUCT = YES;
			};
			name = Release;
		};
		2BB1FE6C22F93059006FAAE5 /* Debug */ = {
			isa = XCBuildConfiguration;
			buildSettings = {
				ASSETCATALOG_COMPILER_APPICON_NAME = AppIcon;
				CODE_SIGN_STYLE = Automatic;
				DEVELOPMENT_TEAM = EHKQGN5358;
				INFOPLIST_FILE = TheGettyCenterYelp/Info.plist;
				LD_RUNPATH_SEARCH_PATHS = (
					"$(inherited)",
					"@executable_path/Frameworks",
				);
				PRODUCT_BUNDLE_IDENTIFIER = com.vandanpatel.TheGettyCenterYelp;
				PRODUCT_NAME = "$(TARGET_NAME)";
				SWIFT_VERSION = 5.0;
				TARGETED_DEVICE_FAMILY = "1,2";
			};
			name = Debug;
		};
		2BB1FE6D22F93059006FAAE5 /* Release */ = {
			isa = XCBuildConfiguration;
			buildSettings = {
				ASSETCATALOG_COMPILER_APPICON_NAME = AppIcon;
				CODE_SIGN_STYLE = Automatic;
				DEVELOPMENT_TEAM = EHKQGN5358;
				INFOPLIST_FILE = TheGettyCenterYelp/Info.plist;
				LD_RUNPATH_SEARCH_PATHS = (
					"$(inherited)",
					"@executable_path/Frameworks",
				);
				PRODUCT_BUNDLE_IDENTIFIER = com.vandanpatel.TheGettyCenterYelp;
				PRODUCT_NAME = "$(TARGET_NAME)";
				SWIFT_VERSION = 5.0;
				TARGETED_DEVICE_FAMILY = "1,2";
			};
			name = Release;
		};
		2BB1FE6F22F93059006FAAE5 /* Debug */ = {
			isa = XCBuildConfiguration;
			buildSettings = {
				ALWAYS_EMBED_SWIFT_STANDARD_LIBRARIES = YES;
				BUNDLE_LOADER = "$(TEST_HOST)";
				CLANG_ENABLE_MODULES = YES;
				CODE_SIGN_STYLE = Automatic;
				DEVELOPMENT_TEAM = EHKQGN5358;
				INFOPLIST_FILE = TheGettyCenterYelpTests/Info.plist;
				LD_RUNPATH_SEARCH_PATHS = (
					"$(inherited)",
					"@executable_path/Frameworks",
					"@loader_path/Frameworks",
				);
				PRODUCT_BUNDLE_IDENTIFIER = com.vandanpatel.TheGettyCenterYelpTests;
				PRODUCT_NAME = "$(TARGET_NAME)";
				SWIFT_OPTIMIZATION_LEVEL = "-Onone";
				SWIFT_VERSION = 5.0;
				TARGETED_DEVICE_FAMILY = "1,2";
				TEST_HOST = "$(BUILT_PRODUCTS_DIR)/TheGettyCenterYelp.app/TheGettyCenterYelp";
			};
			name = Debug;
		};
		2BB1FE7022F93059006FAAE5 /* Release */ = {
			isa = XCBuildConfiguration;
			buildSettings = {
				ALWAYS_EMBED_SWIFT_STANDARD_LIBRARIES = YES;
				BUNDLE_LOADER = "$(TEST_HOST)";
				CLANG_ENABLE_MODULES = YES;
				CODE_SIGN_STYLE = Automatic;
				DEVELOPMENT_TEAM = EHKQGN5358;
				INFOPLIST_FILE = TheGettyCenterYelpTests/Info.plist;
				LD_RUNPATH_SEARCH_PATHS = (
					"$(inherited)",
					"@executable_path/Frameworks",
					"@loader_path/Frameworks",
				);
				PRODUCT_BUNDLE_IDENTIFIER = com.vandanpatel.TheGettyCenterYelpTests;
				PRODUCT_NAME = "$(TARGET_NAME)";
				SWIFT_VERSION = 5.0;
				TARGETED_DEVICE_FAMILY = "1,2";
				TEST_HOST = "$(BUILT_PRODUCTS_DIR)/TheGettyCenterYelp.app/TheGettyCenterYelp";
			};
			name = Release;
		};
/* End XCBuildConfiguration section */

/* Begin XCConfigurationList section */
		2BB1FE4922F93056006FAAE5 /* Build configuration list for PBXProject "TheGettyCenterYelp" */ = {
			isa = XCConfigurationList;
			buildConfigurations = (
				2BB1FE6922F93059006FAAE5 /* Debug */,
				2BB1FE6A22F93059006FAAE5 /* Release */,
			);
			defaultConfigurationIsVisible = 0;
			defaultConfigurationName = Release;
		};
		2BB1FE6B22F93059006FAAE5 /* Build configuration list for PBXNativeTarget "TheGettyCenterYelp" */ = {
			isa = XCConfigurationList;
			buildConfigurations = (
				2BB1FE6C22F93059006FAAE5 /* Debug */,
				2BB1FE6D22F93059006FAAE5 /* Release */,
			);
			defaultConfigurationIsVisible = 0;
			defaultConfigurationName = Release;
		};
		2BB1FE6E22F93059006FAAE5 /* Build configuration list for PBXNativeTarget "TheGettyCenterYelpTests" */ = {
			isa = XCConfigurationList;
			buildConfigurations = (
				2BB1FE6F22F93059006FAAE5 /* Debug */,
				2BB1FE7022F93059006FAAE5 /* Release */,
			);
			defaultConfigurationIsVisible = 0;
			defaultConfigurationName = Release;
		};
/* End XCConfigurationList section */
	};
	rootObject = 2BB1FE4622F93056006FAAE5 /* Project object */;
}
